
Microsoft Visual Studio Solution File, Format Version 12.00
# Visual Studio 15
VisualStudioVersion = 15.0.27004.2010
MinimumVisualStudioVersion = 10.0.40219.1
Project("{FAE04EC0-301F-11D3-BF4B-00C04F79EFBC}") = "BarcodeScannerClientFirst", "BarcodeScannerClientFirst\BarcodeScannerClientFirst.csproj", "{7AB81AD6-D437-4134-A321-693FECD41DC6}"
EndProject
Project("{FAE04EC0-301F-11D3-BF4B-00C04F79EFBC}") = "BarcodeScannerClientFirstTests", "BarcodeScannerClientFirstTests\BarcodeScannerClientFirstTests.csproj", "{64070333-0093-4B83-8A76-F9DD08CD791B}"
EndProject
Global
	GlobalSection(SolutionConfigurationPlatforms) = preSolution
		Debug|Any CPU = Debug|Any CPU
		Release|Any CPU = Release|Any CPU
	EndGlobalSection
	GlobalSection(ProjectConfigurationPlatforms) = postSolution
		{7AB81AD6-D437-4134-A321-693FECD41DC6}.Debug|Any CPU.ActiveCfg = Debug|Any CPU
		{7AB81AD6-D437-4134-A321-693FECD41DC6}.Debug|Any CPU.Build.0 = Debug|Any CPU
		{7AB81AD6-D437-4134-A321-693FECD41DC6}.Release|Any CPU.ActiveCfg = Release|Any CPU
		{7AB81AD6-D437-4134-A321-693FECD41DC6}.Release|Any CPU.Build.0 = Release|Any CPU
		{64070333-0093-4B83-8A76-F9DD08CD791B}.Debug|Any CPU.ActiveCfg = Debug|Any CPU
		{64070333-0093-4B83-8A76-F9DD08CD791B}.Debug|Any CPU.Build.0 = Debug|Any CPU
		{64070333-0093-4B83-8A76-F9DD08CD791B}.Release|Any CPU.ActiveCfg = Release|Any CPU
		{64070333-0093-4B83-8A76-F9DD08CD791B}.Release|Any CPU.Build.0 = Release|Any CPU
	EndGlobalSection
	GlobalSection(SolutionProperties) = preSolution
		HideSolutionNode = FALSE
	EndGlobalSection
	GlobalSection(ExtensibilityGlobals) = postSolution
		SolutionGuid = {95A7B576-21E6-42E8-9B1C-7EE05E37239B}
	EndGlobalSection
EndGlobal
